
Microsoft Visual Studio Solution File, Format Version 12.00
# Visual Studio Version 16
VisualStudioVersion = 16.0.30320.27
MinimumVisualStudioVersion = 10.0.40219.1
Project("{FAE04EC0-301F-11D3-BF4B-00C04F79EFBC}") = "PythonClouds", "PythonClouds\PythonClouds.csproj", "{FA47D7AE-7271-44EE-ADA0-43B14BC80954}"
EndProject
Project("{FAE04EC0-301F-11D3-BF4B-00C04F79EFBC}") = "PythonCloudsTests", "PythonCloudsTests\PythonCloudsTests.csproj", "{2B972A24-525A-4B76-8366-F8AB40B9C0AD}"
EndProject
Project("{FAE04EC0-301F-11D3-BF4B-00C04F79EFBC}") = "PyAdmin", "PyAdmin\PyAdmin.csproj", "{5536CA35-88A0-4005-A92C-4F0D22C4C7ED}"
EndProject
Project("{FAE04EC0-301F-11D3-BF4B-00C04F79EFBC}") = "PyCloud.AzureClass", "PyCloud.AzureClass\PyCloud.AzureClass.csproj", "{AA5B15B9-6C23-47E7-B7B3-836F7034004A}"
EndProject
Project("{FAE04EC0-301F-11D3-BF4B-00C04F79EFBC}") = "PyCloud.Entity", "PyCloud.Entity\PyCloud.Entity.csproj", "{B935ECE0-7685-4E39-A1ED-F32E29E7D556}"
EndProject
Project("{FAE04EC0-301F-11D3-BF4B-00C04F79EFBC}") = "PyCloud.Model", "PyCloud.Model\PyCloud.Model.csproj", "{178ED173-2EE7-4511-BD32-0A988B845B1F}"
EndProject
Global
	GlobalSection(SolutionConfigurationPlatforms) = preSolution
		Debug|Any CPU = Debug|Any CPU
		Release|Any CPU = Release|Any CPU
	EndGlobalSection
	GlobalSection(ProjectConfigurationPlatforms) = postSolution
		{FA47D7AE-7271-44EE-ADA0-43B14BC80954}.Debug|Any CPU.ActiveCfg = Debug|Any CPU
		{FA47D7AE-7271-44EE-ADA0-43B14BC80954}.Debug|Any CPU.Build.0 = Debug|Any CPU
		{FA47D7AE-7271-44EE-ADA0-43B14BC80954}.Release|Any CPU.ActiveCfg = Release|Any CPU
		{FA47D7AE-7271-44EE-ADA0-43B14BC80954}.Release|Any CPU.Build.0 = Release|Any CPU
		{2B972A24-525A-4B76-8366-F8AB40B9C0AD}.Debug|Any CPU.ActiveCfg = Debug|Any CPU
		{2B972A24-525A-4B76-8366-F8AB40B9C0AD}.Debug|Any CPU.Build.0 = Debug|Any CPU
		{2B972A24-525A-4B76-8366-F8AB40B9C0AD}.Release|Any CPU.ActiveCfg = Release|Any CPU
		{2B972A24-525A-4B76-8366-F8AB40B9C0AD}.Release|Any CPU.Build.0 = Release|Any CPU
		{5536CA35-88A0-4005-A92C-4F0D22C4C7ED}.Debug|Any CPU.ActiveCfg = Debug|Any CPU
		{5536CA35-88A0-4005-A92C-4F0D22C4C7ED}.Debug|Any CPU.Build.0 = Debug|Any CPU
		{5536CA35-88A0-4005-A92C-4F0D22C4C7ED}.Release|Any CPU.ActiveCfg = Release|Any CPU
		{5536CA35-88A0-4005-A92C-4F0D22C4C7ED}.Release|Any CPU.Build.0 = Release|Any CPU
		{AA5B15B9-6C23-47E7-B7B3-836F7034004A}.Debug|Any CPU.ActiveCfg = Debug|Any CPU
		{AA5B15B9-6C23-47E7-B7B3-836F7034004A}.Debug|Any CPU.Build.0 = Debug|Any CPU
		{AA5B15B9-6C23-47E7-B7B3-836F7034004A}.Release|Any CPU.ActiveCfg = Release|Any CPU
		{AA5B15B9-6C23-47E7-B7B3-836F7034004A}.Release|Any CPU.Build.0 = Release|Any CPU
		{B935ECE0-7685-4E39-A1ED-F32E29E7D556}.Debug|Any CPU.ActiveCfg = Debug|Any CPU
		{B935ECE0-7685-4E39-A1ED-F32E29E7D556}.Debug|Any CPU.Build.0 = Debug|Any CPU
		{B935ECE0-7685-4E39-A1ED-F32E29E7D556}.Release|Any CPU.ActiveCfg = Release|Any CPU
		{B935ECE0-7685-4E39-A1ED-F32E29E7D556}.Release|Any CPU.Build.0 = Release|Any CPU
		{178ED173-2EE7-4511-BD32-0A988B845B1F}.Debug|Any CPU.ActiveCfg = Debug|Any CPU
		{178ED173-2EE7-4511-BD32-0A988B845B1F}.Debug|Any CPU.Build.0 = Debug|Any CPU
		{178ED173-2EE7-4511-BD32-0A988B845B1F}.Release|Any CPU.ActiveCfg = Release|Any CPU
		{178ED173-2EE7-4511-BD32-0A988B845B1F}.Release|Any CPU.Build.0 = Release|Any CPU
	EndGlobalSection
	GlobalSection(SolutionProperties) = preSolution
		HideSolutionNode = FALSE
	EndGlobalSection
	GlobalSection(ExtensibilityGlobals) = postSolution
		SolutionGuid = {98E9F986-16E9-4067-AD63-876F51EE08E0}
	EndGlobalSection
EndGlobal
